
Microsoft Visual Studio Solution File, Format Version 12.00
Project("{FAE04EC0-301F-11D3-BF4B-00C04F79EFBC}") = "FastUlid", "FastUlid\FastUlid.csproj", "{999B1C16-1AD1-472D-9BB1-4AA5B0C360D4}"
EndProject
Project("{FAE04EC0-301F-11D3-BF4B-00C04F79EFBC}") = "FastUlid.Tests", "FastUlid.Tests\FastUlid.Tests.csproj", "{E7FB2813-FE76-479F-8017-EFA94A01D4D8}"
EndProject
Project("{FAE04EC0-301F-11D3-BF4B-00C04F79EFBC}") = "FastUlid.Bench", "FastUlid.Bench\FastUlid.Bench.csproj", "{7E7932C1-DFEF-422A-B0E1-5B847E5266F2}"
EndProject
Global
	GlobalSection(SolutionConfigurationPlatforms) = preSolution
		Debug|Any CPU = Debug|Any CPU
		Release|Any CPU = Release|Any CPU
	EndGlobalSection
	GlobalSection(ProjectConfigurationPlatforms) = postSolution
		{999B1C16-1AD1-472D-9BB1-4AA5B0C360D4}.Debug|Any CPU.ActiveCfg = Debug|Any CPU
		{999B1C16-1AD1-472D-9BB1-4AA5B0C360D4}.Debug|Any CPU.Build.0 = Debug|Any CPU
		{999B1C16-1AD1-472D-9BB1-4AA5B0C360D4}.Release|Any CPU.ActiveCfg = Release|Any CPU
		{999B1C16-1AD1-472D-9BB1-4AA5B0C360D4}.Release|Any CPU.Build.0 = Release|Any CPU
		{E7FB2813-FE76-479F-8017-EFA94A01D4D8}.Debug|Any CPU.ActiveCfg = Debug|Any CPU
		{E7FB2813-FE76-479F-8017-EFA94A01D4D8}.Debug|Any CPU.Build.0 = Debug|Any CPU
		{E7FB2813-FE76-479F-8017-EFA94A01D4D8}.Release|Any CPU.ActiveCfg = Release|Any CPU
		{E7FB2813-FE76-479F-8017-EFA94A01D4D8}.Release|Any CPU.Build.0 = Release|Any CPU
		{7E7932C1-DFEF-422A-B0E1-5B847E5266F2}.Debug|Any CPU.ActiveCfg = Debug|Any CPU
		{7E7932C1-DFEF-422A-B0E1-5B847E5266F2}.Debug|Any CPU.Build.0 = Debug|Any CPU
		{7E7932C1-DFEF-422A-B0E1-5B847E5266F2}.Release|Any CPU.ActiveCfg = Release|Any CPU
		{7E7932C1-DFEF-422A-B0E1-5B847E5266F2}.Release|Any CPU.Build.0 = Release|Any CPU
	EndGlobalSection
EndGlobal
